// !$*UTF8*$!
{
	archiveVersion = 1;
	classes = {
	};
	objectVersion = 50;
	objects = {

/* Begin PBXBuildFile section */
		9501A34123550B4700A258C0 /* SettingsController.swift in Sources */ = {isa = PBXBuildFile; fileRef = 9501A34023550B4700A258C0 /* SettingsController.swift */; };
		954B9D5523552A2C0005CF64 /* SimpleExecutorDelegate.swift in Sources */ = {isa = PBXBuildFile; fileRef = 954B9D5423552A2C0005CF64 /* SimpleExecutorDelegate.swift */; };
		95B8002D207D763100BCC242 /* StdAlert.swift in Sources */ = {isa = PBXBuildFile; fileRef = 95B8002C207D763100BCC242 /* StdAlert.swift */; };
		95D72075207D5581001A8795 /* AppDelegate.swift in Sources */ = {isa = PBXBuildFile; fileRef = 95D72074207D5581001A8795 /* AppDelegate.swift */; };
		95D72077207D5582001A8795 /* Assets.xcassets in Resources */ = {isa = PBXBuildFile; fileRef = 95D72076207D5582001A8795 /* Assets.xcassets */; };
		95D72083207D5A0C001A8795 /* Executor.swift in Sources */ = {isa = PBXBuildFile; fileRef = 95D72082207D5A0C001A8795 /* Executor.swift */; };
		95D72087207D6210001A8795 /* OutputController.swift in Sources */ = {isa = PBXBuildFile; fileRef = 95D72086207D6210001A8795 /* OutputController.swift */; };
		95D72089207D64C4001A8795 /* MainMenu.xib in Resources */ = {isa = PBXBuildFile; fileRef = 95D72088207D64C4001A8795 /* MainMenu.xib */; };
		B12136772355D72D0069944D /* OneMoreThingExecutor.swift in Sources */ = {isa = PBXBuildFile; fileRef = B12136762355D72D0069944D /* OneMoreThingExecutor.swift */; };
/* End PBXBuildFile section */

/* Begin PBXFileReference section */
		9501A34023550B4700A258C0 /* SettingsController.swift */ = {isa = PBXFileReference; lastKnownFileType = sourcecode.swift; path = SettingsController.swift; sourceTree = "<group>"; };
		954B9D5423552A2C0005CF64 /* SimpleExecutorDelegate.swift */ = {isa = PBXFileReference; lastKnownFileType = sourcecode.swift; path = SimpleExecutorDelegate.swift; sourceTree = "<group>"; };
		95B8002C207D763100BCC242 /* StdAlert.swift */ = {isa = PBXFileReference; lastKnownFileType = sourcecode.swift; path = StdAlert.swift; sourceTree = "<group>"; };
		95D72071207D5581001A8795 /* OneMoreThing.app */ = {isa = PBXFileReference; explicitFileType = wrapper.application; includeInIndex = 0; path = OneMoreThing.app; sourceTree = BUILT_PRODUCTS_DIR; };
		95D72074207D5581001A8795 /* AppDelegate.swift */ = {isa = PBXFileReference; lastKnownFileType = sourcecode.swift; path = AppDelegate.swift; sourceTree = "<group>"; };
		95D72076207D5582001A8795 /* Assets.xcassets */ = {isa = PBXFileReference; lastKnownFileType = folder.assetcatalog; path = Assets.xcassets; sourceTree = "<group>"; };
		95D7207B207D5582001A8795 /* Info.plist */ = {isa = PBXFileReference; lastKnownFileType = text.plist.xml; path = Info.plist; sourceTree = "<group>"; };
		95D7207C207D5582001A8795 /* OneMoreThing.entitlements */ = {isa = PBXFileReference; lastKnownFileType = text.plist.entitlements; path = OneMoreThing.entitlements; sourceTree = "<group>"; };
		95D72082207D5A0C001A8795 /* Executor.swift */ = {isa = PBXFileReference; lastKnownFileType = sourcecode.swift; path = Executor.swift; sourceTree = "<group>"; };
		95D72086207D6210001A8795 /* OutputController.swift */ = {isa = PBXFileReference; lastKnownFileType = sourcecode.swift; path = OutputController.swift; sourceTree = "<group>"; };
		95D72088207D64C4001A8795 /* MainMenu.xib */ = {isa = PBXFileReference; lastKnownFileType = file.xib; path = MainMenu.xib; sourceTree = "<group>"; };
		B12136762355D72D0069944D /* OneMoreThingExecutor.swift */ = {isa = PBXFileReference; lastKnownFileType = sourcecode.swift; path = OneMoreThingExecutor.swift; sourceTree = "<group>"; };
/* End PBXFileReference section */

/* Begin PBXFrameworksBuildPhase section */
		95D7206E207D5581001A8795 /* Frameworks */ = {
			isa = PBXFrameworksBuildPhase;
			buildActionMask = 2147483647;
			files = (
			);
			runOnlyForDeploymentPostprocessing = 0;
		};
/* End PBXFrameworksBuildPhase section */

/* Begin PBXGroup section */
		95D72068207D5581001A8795 = {
			isa = PBXGroup;
			children = (
				95D72073207D5581001A8795 /* OneMoreThing */,
				95D72072207D5581001A8795 /* Products */,
			);
			sourceTree = "<group>";
		};
		95D72072207D5581001A8795 /* Products */ = {
			isa = PBXGroup;
			children = (
				95D72071207D5581001A8795 /* OneMoreThing.app */,
			);
			name = Products;
			sourceTree = "<group>";
		};
		95D72073207D5581001A8795 /* OneMoreThing */ = {
			isa = PBXGroup;
			children = (
				95D72074207D5581001A8795 /* AppDelegate.swift */,
				95D72076207D5582001A8795 /* Assets.xcassets */,
				95D7207B207D5582001A8795 /* Info.plist */,
				95D7207C207D5582001A8795 /* OneMoreThing.entitlements */,
				95D72082207D5A0C001A8795 /* Executor.swift */,
				95D72086207D6210001A8795 /* OutputController.swift */,
				95D72088207D64C4001A8795 /* MainMenu.xib */,
				95B8002C207D763100BCC242 /* StdAlert.swift */,
				9501A34023550B4700A258C0 /* SettingsController.swift */,
				954B9D5423552A2C0005CF64 /* SimpleExecutorDelegate.swift */,
				B12136762355D72D0069944D /* OneMoreThingExecutor.swift */,
			);
			path = OneMoreThing;
			sourceTree = "<group>";
		};
/* End PBXGroup section */

/* Begin PBXNativeTarget section */
		95D72070207D5581001A8795 /* OneMoreThing */ = {
			isa = PBXNativeTarget;
			buildConfigurationList = 95D7207F207D5582001A8795 /* Build configuration list for PBXNativeTarget "OneMoreThing" */;
			buildPhases = (
				95D7206D207D5581001A8795 /* Sources */,
				95D7206E207D5581001A8795 /* Frameworks */,
				95D7206F207D5581001A8795 /* Resources */,
			);
			buildRules = (
			);
			dependencies = (
			);
			name = OneMoreThing;
			productName = OneMoreThing;
			productReference = 95D72071207D5581001A8795 /* OneMoreThing.app */;
			productType = "com.apple.product-type.application";
		};
/* End PBXNativeTarget section */

/* Begin PBXProject section */
		95D72069207D5581001A8795 /* Project object */ = {
			isa = PBXProject;
			attributes = {
				LastSwiftUpdateCheck = 0930;
				LastUpgradeCheck = 1110;
				ORGANIZATIONNAME = Infomac;
				TargetAttributes = {
					95D72070207D5581001A8795 = {
						CreatedOnToolsVersion = 9.3;
						SystemCapabilities = {
							com.apple.Sandbox = {
								enabled = 0;
							};
						};
					};
				};
			};
			buildConfigurationList = 95D7206C207D5581001A8795 /* Build configuration list for PBXProject "OneMoreThing" */;
			compatibilityVersion = "Xcode 9.3";
			developmentRegion = en;
			hasScannedForEncodings = 0;
			knownRegions = (
				en,
				Base,
			);
			mainGroup = 95D72068207D5581001A8795;
			productRefGroup = 95D72072207D5581001A8795 /* Products */;
			projectDirPath = "";
			projectRoot = "";
			targets = (
				95D72070207D5581001A8795 /* OneMoreThing */,
			);
		};
/* End PBXProject section */

/* Begin PBXResourcesBuildPhase section */
		95D7206F207D5581001A8795 /* Resources */ = {
			isa = PBXResourcesBuildPhase;
			buildActionMask = 2147483647;
			files = (
				95D72077207D5582001A8795 /* Assets.xcassets in Resources */,
				95D72089207D64C4001A8795 /* MainMenu.xib in Resources */,
			);
			runOnlyForDeploymentPostprocessing = 0;
		};
/* End PBXResourcesBuildPhase section */

/* Begin PBXSourcesBuildPhase section */
		95D7206D207D5581001A8795 /* Sources */ = {
			isa = PBXSourcesBuildPhase;
			buildActionMask = 2147483647;
			files = (
				95B8002D207D763100BCC242 /* StdAlert.swift in Sources */,
				95D72083207D5A0C001A8795 /* Executor.swift in Sources */,
				954B9D5523552A2C0005CF64 /* SimpleExecutorDelegate.swift in Sources */,
				95D72087207D6210001A8795 /* OutputController.swift in Sources */,
				B12136772355D72D0069944D /* OneMoreThingExecutor.swift in Sources */,
				95D72075207D5581001A8795 /* AppDelegate.swift in Sources */,
				9501A34123550B4700A258C0 /* SettingsController.swift in Sources */,
			);
			runOnlyForDeploymentPostprocessing = 0;
		};
/* End PBXSourcesBuildPhase section */

/* Begin XCBuildConfiguration section */
		95D7207D207D5582001A8795 /* Debug */ = {
			isa = XCBuildConfiguration;
			buildSettings = {
				ALWAYS_SEARCH_USER_PATHS = NO;
				CLANG_ANALYZER_NONNULL = YES;
				CLANG_ANALYZER_NUMBER_OBJECT_CONVERSION = YES_AGGRESSIVE;
				CLANG_CXX_LANGUAGE_STANDARD = "gnu++14";
				CLANG_CXX_LIBRARY = "libc++";
				CLANG_ENABLE_MODULES = YES;
				CLANG_ENABLE_OBJC_ARC = YES;
				CLANG_ENABLE_OBJC_WEAK = YES;
				CLANG_WARN_BLOCK_CAPTURE_AUTORELEASING = YES;
				CLANG_WARN_BOOL_CONVERSION = YES;
				CLANG_WARN_COMMA = YES;
				CLANG_WARN_CONSTANT_CONVERSION = YES;
				CLANG_WARN_DEPRECATED_OBJC_IMPLEMENTATIONS = YES;
				CLANG_WARN_DIRECT_OBJC_ISA_USAGE = YES_ERROR;
				CLANG_WARN_DOCUMENTATION_COMMENTS = YES;
				CLANG_WARN_EMPTY_BODY = YES;
				CLANG_WARN_ENUM_CONVERSION = YES;
				CLANG_WARN_INFINITE_RECURSION = YES;
				CLANG_WARN_INT_CONVERSION = YES;
				CLANG_WARN_NON_LITERAL_NULL_CONVERSION = YES;
				CLANG_WARN_OBJC_IMPLICIT_RETAIN_SELF = YES;
				CLANG_WARN_OBJC_LITERAL_CONVERSION = YES;
				CLANG_WARN_OBJC_ROOT_CLASS = YES_ERROR;
				CLANG_WARN_RANGE_LOOP_ANALYSIS = YES;
				CLANG_WARN_STRICT_PROTOTYPES = YES;
				CLANG_WARN_SUSPICIOUS_MOVE = YES;
				CLANG_WARN_UNGUARDED_AVAILABILITY = YES_AGGRESSIVE;
				CLANG_WARN_UNREACHABLE_CODE = YES;
				CLANG_WARN__DUPLICATE_METHOD_MATCH = YES;
				CODE_SIGN_IDENTITY = "-";
				COPY_PHASE_STRIP = NO;
				DEBUG_INFORMATION_FORMAT = dwarf;
				ENABLE_STRICT_OBJC_MSGSEND = YES;
				ENABLE_TESTABILITY = YES;
				GCC_C_LANGUAGE_STANDARD = gnu11;
				GCC_DYNAMIC_NO_PIC = NO;
				GCC_NO_COMMON_BLOCKS = YES;
				GCC_OPTIMIZATION_LEVEL = 0;
				GCC_PREPROCESSOR_DEFINITIONS = (
					"DEBUG=1",
					"$(inherited)",
				);
				GCC_WARN_64_TO_32_BIT_CONVERSION = YES;
				GCC_WARN_ABOUT_RETURN_TYPE = YES_ERROR;
				GCC_WARN_UNDECLARED_SELECTOR = YES;
				GCC_WARN_UNINITIALIZED_AUTOS = YES_AGGRESSIVE;
				GCC_WARN_UNUSED_FUNCTION = YES;
				GCC_WARN_UNUSED_VARIABLE = YES;
				MACOSX_DEPLOYMENT_TARGET = 10.13;
				MTL_ENABLE_DEBUG_INFO = YES;
				ONLY_ACTIVE_ARCH = YES;
				SDKROOT = macosx;
				SWIFT_ACTIVE_COMPILATION_CONDITIONS = DEBUG;
				SWIFT_OPTIMIZATION_LEVEL = "-Onone";
			};
			name = Debug;
		};
		95D7207E207D5582001A8795 /* Release */ = {
			isa = XCBuildConfiguration;
			buildSettings = {
				ALWAYS_SEARCH_USER_PATHS = NO;
				CLANG_ANALYZER_NONNULL = YES;
				CLANG_ANALYZER_NUMBER_OBJECT_CONVERSION = YES_AGGRESSIVE;
				CLANG_CXX_LANGUAGE_STANDARD = "gnu++14";
				CLANG_CXX_LIBRARY = "libc++";
				CLANG_ENABLE_MODULES = YES;
				CLANG_ENABLE_OBJC_ARC = YES;
				CLANG_ENABLE_OBJC_WEAK = YES;
				CLANG_WARN_BLOCK_CAPTURE_AUTORELEASING = YES;
				CLANG_WARN_BOOL_CONVERSION = YES;
				CLANG_WARN_COMMA = YES;
				CLANG_WARN_CONSTANT_CONVERSION = YES;
				CLANG_WARN_DEPRECATED_OBJC_IMPLEMENTATIONS = YES;
				CLANG_WARN_DIRECT_OBJC_ISA_USAGE = YES_ERROR;
				CLANG_WARN_DOCUMENTATION_COMMENTS = YES;
				CLANG_WARN_EMPTY_BODY = YES;
				CLANG_WARN_ENUM_CONVERSION = YES;
				CLANG_WARN_INFINITE_RECURSION = YES;
				CLANG_WARN_INT_CONVERSION = YES;
				CLANG_WARN_NON_LITERAL_NULL_CONVERSION = YES;
				CLANG_WARN_OBJC_IMPLICIT_RETAIN_SELF = YES;
				CLANG_WARN_OBJC_LITERAL_CONVERSION = YES;
				CLANG_WARN_OBJC_ROOT_CLASS = YES_ERROR;
				CLANG_WARN_RANGE_LOOP_ANALYSIS = YES;
				CLANG_WARN_STRICT_PROTOTYPES = YES;
				CLANG_WARN_SUSPICIOUS_MOVE = YES;
				CLANG_WARN_UNGUARDED_AVAILABILITY = YES_AGGRESSIVE;
				CLANG_WARN_UNREACHABLE_CODE = YES;
				CLANG_WARN__DUPLICATE_METHOD_MATCH = YES;
				CODE_SIGN_IDENTITY = "-";
				COPY_PHASE_STRIP = NO;
				DEBUG_INFORMATION_FORMAT = "dwarf-with-dsym";
				ENABLE_NS_ASSERTIONS = NO;
				ENABLE_STRICT_OBJC_MSGSEND = YES;
				GCC_C_LANGUAGE_STANDARD = gnu11;
				GCC_NO_COMMON_BLOCKS = YES;
				GCC_WARN_64_TO_32_BIT_CONVERSION = YES;
				GCC_WARN_ABOUT_RETURN_TYPE = YES_ERROR;
				GCC_WARN_UNDECLARED_SELECTOR = YES;
				GCC_WARN_UNINITIALIZED_AUTOS = YES_AGGRESSIVE;
				GCC_WARN_UNUSED_FUNCTION = YES;
				GCC_WARN_UNUSED_VARIABLE = YES;
				MACOSX_DEPLOYMENT_TARGET = 10.13;
				MTL_ENABLE_DEBUG_INFO = NO;
				SDKROOT = macosx;
				SWIFT_COMPILATION_MODE = wholemodule;
				SWIFT_OPTIMIZATION_LEVEL = "-O";
			};
			name = Release;
		};
		95D72080207D5582001A8795 /* Debug */ = {
			isa = XCBuildConfiguration;
			buildSettings = {
				ASSETCATALOG_COMPILER_APPICON_NAME = AppIcon;
				CODE_SIGN_STYLE = Automatic;
				COMBINE_HIDPI_IMAGES = YES;
				INFOPLIST_FILE = OneMoreThing/Info.plist;
				LD_RUNPATH_SEARCH_PATHS = (
					"$(inherited)",
					"@executable_path/../Frameworks",
				);
				PRODUCT_BUNDLE_IDENTIFIER = de.infomac.OneMoreThing;
				PRODUCT_NAME = "$(TARGET_NAME)";
				SWIFT_VERSION = 4.0;
			};
			name = Debug;
		};
		95D72081207D5582001A8795 /* Release */ = {
			isa = XCBuildConfiguration;
			buildSettings = {
				ASSETCATALOG_COMPILER_APPICON_NAME = AppIcon;
				CODE_SIGN_STYLE = Automatic;
				COMBINE_HIDPI_IMAGES = YES;
				INFOPLIST_FILE = OneMoreThing/Info.plist;
				LD_RUNPATH_SEARCH_PATHS = (
					"$(inherited)",
					"@executable_path/../Frameworks",
				);
				PRODUCT_BUNDLE_IDENTIFIER = de.infomac.OneMoreThing;
				PRODUCT_NAME = "$(TARGET_NAME)";
				SWIFT_VERSION = 4.0;
			};
			name = Release;
		};
/* End XCBuildConfiguration section */

/* Begin XCConfigurationList section */
		95D7206C207D5581001A8795 /* Build configuration list for PBXProject "OneMoreThing" */ = {
			isa = XCConfigurationList;
			buildConfigurations = (
				95D7207D207D5582001A8795 /* Debug */,
				95D7207E207D5582001A8795 /* Release */,
			);
			defaultConfigurationIsVisible = 0;
			defaultConfigurationName = Release;
		};
		95D7207F207D5582001A8795 /* Build configuration list for PBXNativeTarget "OneMoreThing" */ = {
			isa = XCConfigurationList;
			buildConfigurations = (
				95D72080207D5582001A8795 /* Debug */,
				95D72081207D5582001A8795 /* Release */,
			);
			defaultConfigurationIsVisible = 0;
			defaultConfigurationName = Release;
		};
/* End XCConfigurationList section */
	};
	rootObject = 95D72069207D5581001A8795 /* Project object */;
}
